<?xml version="1.0" encoding="utf-8"?>
<Project ToolsVersion="4.0" xmlns="http://schemas.microsoft.com/developer/msbuild/2003">
  <ItemGroup>
    <Filter Include="소스 파일">
      <UniqueIdentifier>{4FC737F1-C7A5-4376-A066-2A32D752A2FF}</UniqueIdentifier>
      <Extensions>cpp;c;cc;cxx;c++;cppm;ixx;def;odl;idl;hpj;bat;asm;asmx</Extensions>
    </Filter>
    <Filter Include="헤더 파일">
      <UniqueIdentifier>{93995380-89BD-4b04-88EB-625FBE52EBFB}</UniqueIdentifier>
      <Extensions>h;hh;hpp;hxx;h++;hm;inl;inc;ipp;xsd</Extensions>
    </Filter>
    <Filter Include="리소스 파일">
      <UniqueIdentifier>{67DA6AB6-F800-4c08-8B7A-83BB121AAD01}</UniqueIdentifier>
      <Extensions>rc;ico;cur;bmp;dlg;rc2;rct;bin;rgs;gif;jpg;jpeg;jpe;resx;tiff;tif;png;wav;mfcribbon-ms</Extensions>
    </Filter>
    <Filter Include="헤더 파일\ModelSource">
      <UniqueIdentifier>{c9e21e33-c767-4c07-9fef-1124859554d0}</UniqueIdentifier>
    </Filter>
    <Filter Include="소스 파일\ModelSource">
      <UniqueIdentifier>{321a4e8e-02bf-4c85-8159-bf9559554830}</UniqueIdentifier>
    </Filter>
    <Filter Include="헤더 파일\Framework">
      <UniqueIdentifier>{c354d8a8-43aa-4c51-81a3-051a77cc0088}</UniqueIdentifier>
    </Filter>
    <Filter Include="소스 파일\Framework">
      <UniqueIdentifier>{ada4e094-7009-4745-8faf-9c9f2f28b65a}</UniqueIdentifier>
    </Filter>
    <Filter Include="헤더 파일\HelperHeader">
      <UniqueIdentifier>{ebcb4d30-1b02-4d51-9ab1-f3d883339965}</UniqueIdentifier>
    </Filter>
  </ItemGroup>
  <ItemGroup>
    <ResourceCompile Include="SoftrendererProject.rc">
      <Filter>리소스 파일</Filter>
    </ResourceCompile>
  </ItemGroup>
  <ItemGroup>
    <Image Include="small.ico">
      <Filter>리소스 파일</Filter>
    </Image>
    <Image Include="SoftrendererProject.ico">
      <Filter>리소스 파일</Filter>
    </Image>
  </ItemGroup>
  <ItemGroup>
    <ClCompile Include="src\Core\Framework.cpp">
      <Filter>소스 파일</Filter>
    </ClCompile>
    <ClCompile Include="src\Graphics\Mesh.cpp">
      <Filter>소스 파일</Filter>
    </ClCompile>
    <ClCompile Include="src\Graphics\Model.cpp">
      <Filter>소스 파일</Filter>
    </ClCompile>
    <ClCompile Include="src\Graphics\ModelLoader.cpp">
      <Filter>소스 파일</Filter>
    </ClCompile>
    <ClCompile Include="src\Graphics\Octree.cpp">
      <Filter>소스 파일</Filter>
    </ClCompile>
    <ClCompile Include="src\Graphics\Texture.cpp">
      <Filter>소스 파일</Filter>
    </ClCompile>
    <ClCompile Include="src\Graphics\TextureLoader.cpp">
      <Filter>소스 파일</Filter>
    </ClCompile>
    <ClCompile Include="src\Math\AABB.cpp">
      <Filter>소스 파일</Filter>
    </ClCompile>
    <ClCompile Include="src\Math\Frustum.cpp">
      <Filter>소스 파일</Filter>
    </ClCompile>
    <ClCompile Include="src\Renderer\Renderer.cpp">
      <Filter>소스 파일</Filter>
    </ClCompile>
    <ClCompile Include="src\Scene\Camera.cpp">
      <Filter>소스 파일</Filter>
    </ClCompile>
    <ClCompile Include="src\Scene\GameObject.cpp">
      <Filter>소스 파일</Filter>
    </ClCompile>
    <ClCompile Include="src\Utils\PerformanceAnalyzer.cpp">
      <Filter>소스 파일</Filter>
    </ClCompile>
    <ClCompile Include="SoftrendererProject.cpp">
      <Filter>소스 파일</Filter>
    </ClCompile>
  </ItemGroup>
  <ItemGroup>
    <ClInclude Include="src\Core\Framework.h">
      <Filter>헤더 파일</Filter>
    </ClInclude>
    <ClInclude Include="src\Core\pch.h">
      <Filter>헤더 파일</Filter>
    </ClInclude>
    <ClInclude Include="src\Graphics\Mesh.h">
      <Filter>헤더 파일</Filter>
    </ClInclude>
    <ClInclude Include="src\Graphics\Model.h">
      <Filter>헤더 파일</Filter>
    </ClInclude>
    <ClInclude Include="src\Graphics\ModelLoader.h">
      <Filter>헤더 파일</Filter>
    </ClInclude>
    <ClInclude Include="src\Graphics\Octree.h">
      <Filter>헤더 파일</Filter>
    </ClInclude>
    <ClInclude Include="src\Graphics\Texture.h">
      <Filter>헤더 파일</Filter>
    </ClInclude>
    <ClInclude Include="src\Graphics\TextureLoader.h">
      <Filter>헤더 파일</Filter>
    </ClInclude>
    <ClInclude Include="src\Math\AABB.h">
      <Filter>헤더 파일</Filter>
    </ClInclude>
    <ClInclude Include="src\Math\Frustum.h">
      <Filter>헤더 파일</Filter>
    </ClInclude>
    <ClInclude Include="src\Math\SRMath.h">
      <Filter>헤더 파일</Filter>
    </ClInclude>
    <ClInclude Include="src\Renderer\RenderCommand.h">
      <Filter>헤더 파일</Filter>
    </ClInclude>
    <ClInclude Include="src\Renderer\Renderer.h">
      <Filter>헤더 파일</Filter>
    </ClInclude>
    <ClInclude Include="src\Renderer\RenderQueue.h">
      <Filter>헤더 파일</Filter>
    </ClInclude>
    <ClInclude Include="src\Scene\Camera.h">
      <Filter>헤더 파일</Filter>
    </ClInclude>
    <ClInclude Include="src\Scene\GameObject.h">
      <Filter>헤더 파일</Filter>
    </ClInclude>
    <ClInclude Include="src\Utils\DebugUtils.h">
      <Filter>헤더 파일</Filter>
    </ClInclude>
    <ClInclude Include="src\Utils\PerformanceAnalyzer.h">
      <Filter>헤더 파일</Filter>
    </ClInclude>
    <ClInclude Include="src\Utils\stb_image.h">
      <Filter>헤더 파일</Filter>
    </ClInclude>
    <ClInclude Include="resource.h">
      <Filter>헤더 파일</Filter>
    </ClInclude>
    <ClInclude Include="src\Graphics\Material.h">
      <Filter>헤더 파일</Filter>
    </ClInclude>
    <ClInclude Include="SoftrendererProject.h">
      <Filter>헤더 파일</Filter>
    </ClInclude>
    <ClInclude Include="targetver.h">
      <Filter>헤더 파일</Filter>
    </ClInclude>
    <ClInclude Include="src\Graphics\Light.h">
      <Filter>헤더 파일</Filter>
    </ClInclude>
    <ClInclude Include="src\Renderer\Tile.h">
      <Filter>헤더 파일</Filter>
    </ClInclude>
    <ClInclude Include="src\Renderer\FXAA.h">
      <Filter>헤더 파일</Filter>
    </ClInclude>
    <ClInclude Include="src\Renderer\ShaderVertices.h">
      <Filter>헤더 파일</Filter>
    </ClInclude>
  </ItemGroup>
</Project>